
Microsoft Visual Studio Solution File, Format Version 12.00
# Visual Studio 2013
VisualStudioVersion = 12.0.21005.1
MinimumVisualStudioVersion = 10.0.40219.1
Project("{FAE04EC0-301F-11D3-BF4B-00C04F79EFBC}") = "DashBoard", "DashBoard\DashBoard.csproj", "{4A503505-7D74-40B3-B816-87A522AAEC4E}"
EndProject
Project("{FAE04EC0-301F-11D3-BF4B-00C04F79EFBC}") = "DataAccessLayer", "DataAccessLayer\DataAccessLayer.csproj", "{DCF7B8EB-1BE0-44E7-90AD-32851968900A}"
EndProject
Global
	GlobalSection(TeamFoundationVersionControl) = preSolution
		SccNumberOfProjects = 3
		SccEnterpriseProvider = {4CA58AB2-18FA-4F8D-95D4-32DDF27D184C}
		SccTeamFoundationServer = http://tfs2013-farm02.ad.infosys.com:8080/tfs/farm02-tpc183
		SccLocalPath0 = .
		SccProjectUniqueName1 = DashBoard\\DashBoard.csproj
		SccProjectName1 = DashBoard
		SccLocalPath1 = DashBoard
		SccProjectUniqueName2 = DataAccessLayer\\DataAccessLayer.csproj
		SccProjectName2 = DataAccessLayer
		SccLocalPath2 = DataAccessLayer
	EndGlobalSection
	GlobalSection(SolutionConfigurationPlatforms) = preSolution
		Debug|Any CPU = Debug|Any CPU
		Release|Any CPU = Release|Any CPU
	EndGlobalSection
	GlobalSection(ProjectConfigurationPlatforms) = postSolution
		{4A503505-7D74-40B3-B816-87A522AAEC4E}.Debug|Any CPU.ActiveCfg = Debug|Any CPU
		{4A503505-7D74-40B3-B816-87A522AAEC4E}.Debug|Any CPU.Build.0 = Debug|Any CPU
		{4A503505-7D74-40B3-B816-87A522AAEC4E}.Release|Any CPU.ActiveCfg = Release|Any CPU
		{4A503505-7D74-40B3-B816-87A522AAEC4E}.Release|Any CPU.Build.0 = Release|Any CPU
		{DCF7B8EB-1BE0-44E7-90AD-32851968900A}.Debug|Any CPU.ActiveCfg = Debug|Any CPU
		{DCF7B8EB-1BE0-44E7-90AD-32851968900A}.Debug|Any CPU.Build.0 = Debug|Any CPU
		{DCF7B8EB-1BE0-44E7-90AD-32851968900A}.Release|Any CPU.ActiveCfg = Release|Any CPU
		{DCF7B8EB-1BE0-44E7-90AD-32851968900A}.Release|Any CPU.Build.0 = Release|Any CPU
	EndGlobalSection
	GlobalSection(SolutionProperties) = preSolution
		HideSolutionNode = FALSE
	EndGlobalSection
EndGlobal
